
Microsoft Visual Studio Solution File, Format Version 12.00
Project("{FAE04EC0-301F-11D3-BF4B-00C04F79EFBC}") = "RabbitMQ-ServerStatisticeCollector-Producer", "RabbitMQ-ServerStatisticeCollector-Producer\RabbitMQ-ServerStatisticeCollector-Producer.csproj", "{0727E680-C674-473B-93C4-63C765C03B4D}"
EndProject
Project("{FAE04EC0-301F-11D3-BF4B-00C04F79EFBC}") = "RabbitMQ-MongoDB-Consumer", "RabbitMQ-MongoDB-Consumer\RabbitMQ-MongoDB-Consumer.csproj", "{49C2848C-31FE-4E28-9E37-D5CD7100FF9B}"
EndProject
Project("{FAE04EC0-301F-11D3-BF4B-00C04F79EFBC}") = "SignalRHub", "SignalRHub\SignalRHub.csproj", "{824B346F-1C0D-4CD9-BE6B-88A027BD42F2}"
EndProject
Project("{FAE04EC0-301F-11D3-BF4B-00C04F79EFBC}") = "SignalRConsoleClient", "SignalRConsoleClient\SignalRConsoleClient.csproj", "{896FDFC8-076A-4BFA-A4EF-7D3EC2505FF2}"
EndProject
Global
	GlobalSection(SolutionConfigurationPlatforms) = preSolution
		Debug|Any CPU = Debug|Any CPU
		Release|Any CPU = Release|Any CPU
	EndGlobalSection
	GlobalSection(ProjectConfigurationPlatforms) = postSolution
		{0727E680-C674-473B-93C4-63C765C03B4D}.Debug|Any CPU.ActiveCfg = Debug|Any CPU
		{0727E680-C674-473B-93C4-63C765C03B4D}.Debug|Any CPU.Build.0 = Debug|Any CPU
		{0727E680-C674-473B-93C4-63C765C03B4D}.Release|Any CPU.ActiveCfg = Release|Any CPU
		{0727E680-C674-473B-93C4-63C765C03B4D}.Release|Any CPU.Build.0 = Release|Any CPU
		{49C2848C-31FE-4E28-9E37-D5CD7100FF9B}.Debug|Any CPU.ActiveCfg = Debug|Any CPU
		{49C2848C-31FE-4E28-9E37-D5CD7100FF9B}.Debug|Any CPU.Build.0 = Debug|Any CPU
		{49C2848C-31FE-4E28-9E37-D5CD7100FF9B}.Release|Any CPU.ActiveCfg = Release|Any CPU
		{49C2848C-31FE-4E28-9E37-D5CD7100FF9B}.Release|Any CPU.Build.0 = Release|Any CPU
		{824B346F-1C0D-4CD9-BE6B-88A027BD42F2}.Debug|Any CPU.ActiveCfg = Debug|Any CPU
		{824B346F-1C0D-4CD9-BE6B-88A027BD42F2}.Debug|Any CPU.Build.0 = Debug|Any CPU
		{824B346F-1C0D-4CD9-BE6B-88A027BD42F2}.Release|Any CPU.ActiveCfg = Release|Any CPU
		{824B346F-1C0D-4CD9-BE6B-88A027BD42F2}.Release|Any CPU.Build.0 = Release|Any CPU
		{896FDFC8-076A-4BFA-A4EF-7D3EC2505FF2}.Debug|Any CPU.ActiveCfg = Debug|Any CPU
		{896FDFC8-076A-4BFA-A4EF-7D3EC2505FF2}.Debug|Any CPU.Build.0 = Debug|Any CPU
		{896FDFC8-076A-4BFA-A4EF-7D3EC2505FF2}.Release|Any CPU.ActiveCfg = Release|Any CPU
		{896FDFC8-076A-4BFA-A4EF-7D3EC2505FF2}.Release|Any CPU.Build.0 = Release|Any CPU
	EndGlobalSection
EndGlobal
